
Microsoft Visual Studio Solution File, Format Version 12.00
# Visual Studio Version 17
VisualStudioVersion = 17.0.32014.148
MinimumVisualStudioVersion = 10.0.40219.1
Project("{FAE04EC0-301F-11D3-BF4B-00C04F79EFBC}") = "Cake House vol.3", "Cake House vol.3\Cake House vol.3.csproj", "{8B121389-A9D0-4556-BDF5-6A92B19522DA}"
EndProject
Project("{FAE04EC0-301F-11D3-BF4B-00C04F79EFBC}") = "Admin", "Admin\Admin.csproj", "{A0BC5209-3BE2-4150-BB4A-10EE90FF6CFD}"
EndProject
Global
	GlobalSection(SolutionConfigurationPlatforms) = preSolution
		Debug|Any CPU = Debug|Any CPU
		Release|Any CPU = Release|Any CPU
	EndGlobalSection
	GlobalSection(ProjectConfigurationPlatforms) = postSolution
		{8B121389-A9D0-4556-BDF5-6A92B19522DA}.Debug|Any CPU.ActiveCfg = Debug|Any CPU
		{8B121389-A9D0-4556-BDF5-6A92B19522DA}.Debug|Any CPU.Build.0 = Debug|Any CPU
		{8B121389-A9D0-4556-BDF5-6A92B19522DA}.Release|Any CPU.ActiveCfg = Release|Any CPU
		{8B121389-A9D0-4556-BDF5-6A92B19522DA}.Release|Any CPU.Build.0 = Release|Any CPU
		{A0BC5209-3BE2-4150-BB4A-10EE90FF6CFD}.Debug|Any CPU.ActiveCfg = Debug|Any CPU
		{A0BC5209-3BE2-4150-BB4A-10EE90FF6CFD}.Debug|Any CPU.Build.0 = Debug|Any CPU
		{A0BC5209-3BE2-4150-BB4A-10EE90FF6CFD}.Release|Any CPU.ActiveCfg = Release|Any CPU
		{A0BC5209-3BE2-4150-BB4A-10EE90FF6CFD}.Release|Any CPU.Build.0 = Release|Any CPU
	EndGlobalSection
	GlobalSection(SolutionProperties) = preSolution
		HideSolutionNode = FALSE
	EndGlobalSection
	GlobalSection(ExtensibilityGlobals) = postSolution
		SolutionGuid = {1E620A0E-25B1-4B40-ACFD-E90D1BC194A0}
	EndGlobalSection
EndGlobal
